
Microsoft Visual Studio Solution File, Format Version 12.00
# Visual Studio Version 16
VisualStudioVersion = 16.0.30114.105
MinimumVisualStudioVersion = 10.0.40219.1
Project("{9A19103F-16F7-4668-BE54-9A1E7A4F7556}") = "RawCodingAuth.Basics", "RawCodingAuth.Basics\RawCodingAuth.Basics.csproj", "{24163861-7582-46D9-885A-8C590A3B45CA}"
EndProject
Project("{2150E333-8FDC-42A3-9474-1A3956D46DE8}") = "oauth", "oauth", "{D8555566-54F6-4AA0-A6DF-30DB292D69ED}"
EndProject
Project("{9A19103F-16F7-4668-BE54-9A1E7A4F7556}") = "OAuthBasics.Server", "OAuthBasics.Server\OAuthBasics.Server.csproj", "{8FFFCBA8-B13D-41C4-A5BA-1F8CD95FC21F}"
EndProject
Project("{9A19103F-16F7-4668-BE54-9A1E7A4F7556}") = "OAuthBasics.Client", "OAuthBasics.Client\OAuthBasics.Client.csproj", "{D0579B4A-4EE3-4A58-AEC3-0648007A0226}"
EndProject
Project("{9A19103F-16F7-4668-BE54-9A1E7A4F7556}") = "OAuthBasics.Api", "OAuthBasics.Api\OAuthBasics.Api.csproj", "{436C6814-D3DD-4B0C-882E-1B388A687E9E}"
EndProject
Project("{2150E333-8FDC-42A3-9474-1A3956D46DE8}") = "is", "is", "{4395DF57-1BE0-43AC-96C5-3AAD2354595F}"
EndProject
Project("{2150E333-8FDC-42A3-9474-1A3956D46DE8}") = "basics", "basics", "{DBB58F64-2B07-4A29-B0CB-AA4F0B4913C3}"
EndProject
Project("{9A19103F-16F7-4668-BE54-9A1E7A4F7556}") = "Raw.IdentityServer.Api1", "Raw.IdentityServer.Api1\Raw.IdentityServer.Api1.csproj", "{DBB10D47-8B61-41CC-90CA-E6044E8EE93C}"
EndProject
Project("{9A19103F-16F7-4668-BE54-9A1E7A4F7556}") = "Raw.IdentityServer.Api2", "Raw.IdentityServer.Api2\Raw.IdentityServer.Api2.csproj", "{EDC91B6D-8F01-4107-A190-043527D0D5DC}"
EndProject
Project("{9A19103F-16F7-4668-BE54-9A1E7A4F7556}") = "Raw.IdentityServer", "Raw.IdentityServer\Raw.IdentityServer.csproj", "{ECFF982E-FFF4-4A08-8ED5-7D395361FDD8}"
EndProject
Global
	GlobalSection(SolutionConfigurationPlatforms) = preSolution
		Debug|Any CPU = Debug|Any CPU
		Release|Any CPU = Release|Any CPU
	EndGlobalSection
	GlobalSection(ProjectConfigurationPlatforms) = postSolution
		{24163861-7582-46D9-885A-8C590A3B45CA}.Debug|Any CPU.ActiveCfg = Debug|Any CPU
		{24163861-7582-46D9-885A-8C590A3B45CA}.Debug|Any CPU.Build.0 = Debug|Any CPU
		{24163861-7582-46D9-885A-8C590A3B45CA}.Release|Any CPU.ActiveCfg = Release|Any CPU
		{24163861-7582-46D9-885A-8C590A3B45CA}.Release|Any CPU.Build.0 = Release|Any CPU
		{8FFFCBA8-B13D-41C4-A5BA-1F8CD95FC21F}.Debug|Any CPU.ActiveCfg = Debug|Any CPU
		{8FFFCBA8-B13D-41C4-A5BA-1F8CD95FC21F}.Debug|Any CPU.Build.0 = Debug|Any CPU
		{8FFFCBA8-B13D-41C4-A5BA-1F8CD95FC21F}.Release|Any CPU.ActiveCfg = Release|Any CPU
		{8FFFCBA8-B13D-41C4-A5BA-1F8CD95FC21F}.Release|Any CPU.Build.0 = Release|Any CPU
		{D0579B4A-4EE3-4A58-AEC3-0648007A0226}.Debug|Any CPU.ActiveCfg = Debug|Any CPU
		{D0579B4A-4EE3-4A58-AEC3-0648007A0226}.Debug|Any CPU.Build.0 = Debug|Any CPU
		{D0579B4A-4EE3-4A58-AEC3-0648007A0226}.Release|Any CPU.ActiveCfg = Release|Any CPU
		{D0579B4A-4EE3-4A58-AEC3-0648007A0226}.Release|Any CPU.Build.0 = Release|Any CPU
		{436C6814-D3DD-4B0C-882E-1B388A687E9E}.Debug|Any CPU.ActiveCfg = Debug|Any CPU
		{436C6814-D3DD-4B0C-882E-1B388A687E9E}.Debug|Any CPU.Build.0 = Debug|Any CPU
		{436C6814-D3DD-4B0C-882E-1B388A687E9E}.Release|Any CPU.ActiveCfg = Release|Any CPU
		{436C6814-D3DD-4B0C-882E-1B388A687E9E}.Release|Any CPU.Build.0 = Release|Any CPU
		{DBB10D47-8B61-41CC-90CA-E6044E8EE93C}.Debug|Any CPU.ActiveCfg = Debug|Any CPU
		{DBB10D47-8B61-41CC-90CA-E6044E8EE93C}.Debug|Any CPU.Build.0 = Debug|Any CPU
		{DBB10D47-8B61-41CC-90CA-E6044E8EE93C}.Release|Any CPU.ActiveCfg = Release|Any CPU
		{DBB10D47-8B61-41CC-90CA-E6044E8EE93C}.Release|Any CPU.Build.0 = Release|Any CPU
		{EDC91B6D-8F01-4107-A190-043527D0D5DC}.Debug|Any CPU.ActiveCfg = Debug|Any CPU
		{EDC91B6D-8F01-4107-A190-043527D0D5DC}.Debug|Any CPU.Build.0 = Debug|Any CPU
		{EDC91B6D-8F01-4107-A190-043527D0D5DC}.Release|Any CPU.ActiveCfg = Release|Any CPU
		{EDC91B6D-8F01-4107-A190-043527D0D5DC}.Release|Any CPU.Build.0 = Release|Any CPU
		{ECFF982E-FFF4-4A08-8ED5-7D395361FDD8}.Debug|Any CPU.ActiveCfg = Debug|Any CPU
		{ECFF982E-FFF4-4A08-8ED5-7D395361FDD8}.Debug|Any CPU.Build.0 = Debug|Any CPU
		{ECFF982E-FFF4-4A08-8ED5-7D395361FDD8}.Release|Any CPU.ActiveCfg = Release|Any CPU
		{ECFF982E-FFF4-4A08-8ED5-7D395361FDD8}.Release|Any CPU.Build.0 = Release|Any CPU
	EndGlobalSection
	GlobalSection(SolutionProperties) = preSolution
		HideSolutionNode = FALSE
	EndGlobalSection
	GlobalSection(NestedProjects) = preSolution
		{24163861-7582-46D9-885A-8C590A3B45CA} = {DBB58F64-2B07-4A29-B0CB-AA4F0B4913C3}
		{8FFFCBA8-B13D-41C4-A5BA-1F8CD95FC21F} = {D8555566-54F6-4AA0-A6DF-30DB292D69ED}
		{D0579B4A-4EE3-4A58-AEC3-0648007A0226} = {D8555566-54F6-4AA0-A6DF-30DB292D69ED}
		{436C6814-D3DD-4B0C-882E-1B388A687E9E} = {D8555566-54F6-4AA0-A6DF-30DB292D69ED}
		{DBB10D47-8B61-41CC-90CA-E6044E8EE93C} = {4395DF57-1BE0-43AC-96C5-3AAD2354595F}
		{EDC91B6D-8F01-4107-A190-043527D0D5DC} = {4395DF57-1BE0-43AC-96C5-3AAD2354595F}
		{ECFF982E-FFF4-4A08-8ED5-7D395361FDD8} = {4395DF57-1BE0-43AC-96C5-3AAD2354595F}
	EndGlobalSection
	GlobalSection(ExtensibilityGlobals) = postSolution
		SolutionGuid = {4BB21C7D-D4FF-4CBD-B0CD-BF39110BBB9A}
	EndGlobalSection
EndGlobal
